
Microsoft Visual Studio Solution File, Format Version 12.00
Project("{FAE04EC0-301F-11D3-BF4B-00C04F79EFBC}") = "CakeBuild", "CakeBuild\CakeBuild.csproj", "{3F186E3A-4567-4886-9984-4BA13514CA26}"
EndProject
Project("{FAE04EC0-301F-11D3-BF4B-00C04F79EFBC}") = "Conibear", "Conibear\Conibear.csproj", "{BB547032-0B85-4671-9201-8534CF3E9946}"
EndProject
Global
	GlobalSection(SolutionConfigurationPlatforms) = preSolution
		Debug|Any CPU = Debug|Any CPU
		Release|Any CPU = Release|Any CPU
	EndGlobalSection
	GlobalSection(ProjectConfigurationPlatforms) = postSolution
		{3F186E3A-4567-4886-9984-4BA13514CA26}.Debug|Any CPU.ActiveCfg = Debug|Any CPU
		{3F186E3A-4567-4886-9984-4BA13514CA26}.Debug|Any CPU.Build.0 = Debug|Any CPU
		{3F186E3A-4567-4886-9984-4BA13514CA26}.Release|Any CPU.ActiveCfg = Release|Any CPU
		{3F186E3A-4567-4886-9984-4BA13514CA26}.Release|Any CPU.Build.0 = Release|Any CPU
		{BB547032-0B85-4671-9201-8534CF3E9946}.Debug|Any CPU.ActiveCfg = Debug|Any CPU
		{BB547032-0B85-4671-9201-8534CF3E9946}.Debug|Any CPU.Build.0 = Debug|Any CPU
		{BB547032-0B85-4671-9201-8534CF3E9946}.Release|Any CPU.ActiveCfg = Release|Any CPU
		{BB547032-0B85-4671-9201-8534CF3E9946}.Release|Any CPU.Build.0 = Release|Any CPU
	EndGlobalSection
EndGlobal
